
Microsoft Visual Studio Solution File, Format Version 12.00
# Visual Studio Version 17
VisualStudioVersion = 17.9.34622.214
MinimumVisualStudioVersion = 10.0.40219.1
Project("{FAE04EC0-301F-11D3-BF4B-00C04F79EFBC}") = "COMP003B.Assignment4.", "..\COMP003B.Assignment4\COMP003B.Assignment4\COMP003B.Assignment4..csproj", "{4F88CED7-9CFC-4240-A10D-2C1DB590460E}"
EndProject
Global
	GlobalSection(SolutionConfigurationPlatforms) = preSolution
		Debug|Any CPU = Debug|Any CPU
		Release|Any CPU = Release|Any CPU
	EndGlobalSection
	GlobalSection(ProjectConfigurationPlatforms) = postSolution
		{4F88CED7-9CFC-4240-A10D-2C1DB590460E}.Debug|Any CPU.ActiveCfg = Debug|Any CPU
		{4F88CED7-9CFC-4240-A10D-2C1DB590460E}.Debug|Any CPU.Build.0 = Debug|Any CPU
		{4F88CED7-9CFC-4240-A10D-2C1DB590460E}.Release|Any CPU.ActiveCfg = Release|Any CPU
		{4F88CED7-9CFC-4240-A10D-2C1DB590460E}.Release|Any CPU.Build.0 = Release|Any CPU
	EndGlobalSection
	GlobalSection(SolutionProperties) = preSolution
		HideSolutionNode = FALSE
	EndGlobalSection
	GlobalSection(ExtensibilityGlobals) = postSolution
		SolutionGuid = {AEF1E986-5DDC-4F6F-92DD-621600FA6A6A}
	EndGlobalSection
EndGlobal
